# This file is autogenerated, do not edit; changes may be undone by the next 'dep ensure'.


[[projects]]
  branch = "master"
  name = "github.com/Azure/go-ansiterm"
  packages = [".","winterm"]
  revision = "d6e3b3328b783f23731bc4d058875b0371ff8109"

[[projects]]
  name = "github.com/Microsoft/go-winio"
  packages = ["."]
  revision = "78439966b38d69bf38227fbf57ac8a6fee70f69a"
  version = "v0.4.5"

[[projects]]
  branch = "master"
  name = "github.com/Nvveen/Gotty"
  packages = ["."]
  revision = "cd527374f1e5bff4938207604a14f2e38a9cf512"

[[projects]]
  branch = "master"
  name = "github.com/containerd/continuity"
  packages = ["pathdriver"]
  revision = "0cf103d319cc2d7efe085224094f466d1f8b9640"

[[projects]]
  branch = "master"
  name = "github.com/docker/cli"
  packages = ["cli/config/configfile","cli/config/credentials","opts"]
  revision = "29d3510d50d58c34e89801303f2a390857d89a44"

[[projects]]
  branch = "master"
  name = "github.com/docker/distribution"
  packages = [".","context","digestset","manifest","manifest/manifestlist","manifest/schema1","manifest/schema2","reference","registry/api/errcode","registry/api/v2","registry/client","registry/client/auth","registry/client/auth/challenge","registry/client/transport","registry/storage","registry/storage/cache","registry/storage/cache/memory","registry/storage/driver","registry/storage/driver/base","registry/storage/driver/factory","registry/storage/driver/filesystem","uuid"]
  revision = "f4118485915abb8b163442717326597908eee6aa"

[[projects]]
  branch = "master"
  name = "github.com/docker/docker"
  packages = ["api/types","api/types/blkiodev","api/types/container","api/types/filters","api/types/mount","api/types/network","api/types/registry","api/types/strslice","api/types/swarm","api/types/swarm/runtime","api/types/versions","pkg/homedir","pkg/idtools","pkg/ioutils","pkg/jsonmessage","pkg/longpath","pkg/mount","pkg/stringid","pkg/system","pkg/tarsum","pkg/term","pkg/term/windows","registry","registry/resumable"]
  revision = "f5416e76702e8becb34d1e9843d0e2cd0f9f95bf"

[[projects]]
  branch = "master"
  name = "github.com/docker/docker-ce"
  packages = ["components/cli/cli/config"]
  revision = "ee263ca445d83cd7433c46e4cdf22575852179fe"

[[projects]]
  name = "github.com/docker/docker-credential-helpers"
  packages = ["client","credentials","pass"]
  revision = "d68f9aeca33f5fd3f08eeae5e9d175edf4e731d1"
  version = "v0.6.0"

[[projects]]
  name = "github.com/docker/go-connections"
  packages = ["nat","sockets","tlsconfig"]
  revision = "3ede32e2033de7505e6500d6c868c2b9ed9f169d"
  version = "v0.3.0"

[[projects]]
  name = "github.com/docker/go-units"
  packages = ["."]
  revision = "0dadbb0345b35ec7ef35e228dabb8de89a65bf52"
  version = "v0.3.2"

[[projects]]
  branch = "master"
  name = "github.com/docker/libtrust"
  packages = ["."]
  revision = "aabc10ec26b754e797f9028f4589c5b7bd90dc20"

[[projects]]
  name = "github.com/gogo/protobuf"
  packages = ["proto"]
  revision = "342cbe0a04158f6dcb03ca0079991a51a4248c02"
  version = "v0.5"

[[projects]]
  name = "github.com/gorilla/context"
  packages = ["."]
  revision = "1ea25387ff6f684839d82767c1733ff4d4d15d0a"
  version = "v1.1"

[[projects]]
  name = "github.com/gorilla/mux"
  packages = ["."]
  revision = "7f08801859139f86dfafd1c296e2cba9a80d292e"
  version = "v1.6.0"

[[projects]]
  branch = "master"
  name = "github.com/jessfraz/distribution"
  packages = ["reference"]
  revision = "f4118485915abb8b163442717326597908eee6aa"

[[projects]]
  branch = "master"
  name = "github.com/jessfraz/reg"
  packages = ["registry","utils"]
  revision = "758d45bea21e221fe53d28a9db18745949b1f72a"

[[projects]]
  name = "github.com/opencontainers/go-digest"
  packages = ["."]
  revision = "279bed98673dd5bef374d3b6e4b09e2af76183bf"
  version = "v1.0.0-rc1"

[[projects]]
  name = "github.com/opencontainers/image-spec"
  packages = ["specs-go","specs-go/v1"]
  revision = "d60099175f88c47cd379c4738d158884749ed235"
  version = "v1.0.1"

[[projects]]
  name = "github.com/opencontainers/runc"
  packages = ["libcontainer/user"]
  revision = "baf6536d6259209c3edfa2b22237af82942d3dfa"
  version = "v0.1.1"

[[projects]]
  name = "github.com/peterhellberg/link"
  packages = ["."]
  revision = "d1cebc7ea14a5fc0de7cb4a45acae773161642c6"
  version = "v1.0.0"

[[projects]]
  name = "github.com/pkg/errors"
  packages = ["."]
  revision = "645ef00459ed84a119197bfb8d8205042c6df63d"
  version = "v0.8.0"

[[projects]]
  name = "github.com/sirupsen/logrus"
  packages = ["."]
  revision = "d682213848ed68c0a260ca37d6dd5ace8423f5ba"
  version = "v1.0.4"

[[projects]]
  branch = "master"
  name = "github.com/stevvooe/resumable"
  packages = [".","sha256","sha512"]
  revision = "2aaf90b2ceea5072cb503ef2a620b08ff3119870"

[[projects]]
  branch = "master"
  name = "golang.org/x/crypto"
  packages = ["ssh/terminal"]
  revision = "94eea52f7b742c7cbe0b03b22f0c4c8631ece122"

[[projects]]
  branch = "master"
  name = "golang.org/x/net"
  packages = ["context","proxy"]
  revision = "dc871a5d77e227f5bbf6545176ef3eeebf87e76e"

[[projects]]
  branch = "master"
  name = "golang.org/x/sys"
  packages = ["unix","windows"]
  revision = "53aa286056ef226755cd898109dbcdaba8ac0b81"

[solve-meta]
  analyzer-name = "dep"
  analyzer-version = 1
  inputs-digest = "77f0627be6a4569504f29be207696ad48ec5623ab844a300c7bf2c020b0b6aa6"
  solver-name = "gps-cdcl"
  solver-version = 1
