# This file is autogenerated, do not edit; changes may be undone by the next 'dep ensure'.


[[projects]]
  branch = "master"
  digest = "1:81f8c061c3d18ed1710957910542bc17d2b789c6cd19e0f654c30b35fd255ca5"
  name = "github.com/Azure/go-ansiterm"
  packages = [
    ".",
    "winterm",
  ]
  pruneopts = "NUT"
  revision = "d6e3b3328b783f23731bc4d058875b0371ff8109"

[[projects]]
  digest = "1:2be791e7b333ff7c06f8fb3dc18a7d70580e9399dbdffd352621d067ff260b6e"
  name = "github.com/Microsoft/go-winio"
  packages = ["."]
  pruneopts = "NUT"
  revision = "97e4973ce50b2ff5f09635a57e2b88a037aae829"
  version = "v0.4.11"

[[projects]]
  digest = "1:cdc437f886880a489106fbd4ea9de678603b7f7fecc4e339ebdd21074ee8b88b"
  name = "github.com/Microsoft/hcsshim"
  packages = [
    ".",
    "internal/guid",
    "internal/hcs",
    "internal/hcserror",
    "internal/hns",
    "internal/interop",
    "internal/longpath",
    "internal/mergemaps",
    "internal/safefile",
    "internal/schema1",
    "internal/timeout",
    "internal/wclayer",
  ]
  pruneopts = "NUT"
  revision = "e44e499d29527b244d6858772f1b9090eeaddc4e"
  version = "v0.7.4"

[[projects]]
  branch = "master"
  digest = "1:7da1a26e347165227c79dfb10b90b3b5dedb6cbae50e88cdb81f5b6259b5b951"
  name = "github.com/Nvveen/Gotty"
  packages = ["."]
  pruneopts = "NUT"
  revision = "cd527374f1e5bff4938207604a14f2e38a9cf512"

[[projects]]
  branch = "master"
  digest = "1:707ebe952a8b3d00b343c01536c79c73771d100f63ec6babeaed5c79e2b8a8dd"
  name = "github.com/beorn7/perks"
  packages = ["quantile"]
  pruneopts = "NUT"
  revision = "3a771d992973f24aa725d07868b467d1ddfceafb"

[[projects]]
  branch = "master"
  digest = "1:34ceb29329410877bcae59925687ab0669d091617fbf85541872fc578c6339c9"
  name = "github.com/containerd/console"
  packages = ["."]
  pruneopts = "NUT"
  revision = "c12b1e7919c14469339a5d38f2f8ed9b64a9de23"

[[projects]]
  branch = "master"
  digest = "1:18a8765adc0475b91b1948c4ce2f47ce2bbf180026c61c0fe9413c4ab8d46042"
  name = "github.com/containerd/containerd"
  packages = [
    "archive",
    "archive/compression",
    "containers",
    "content",
    "content/local",
    "contrib/seccomp",
    "diff",
    "diff/apply",
    "diff/walking",
    "errdefs",
    "events",
    "events/exchange",
    "filters",
    "gc",
    "identifiers",
    "images",
    "images/oci",
    "labels",
    "leases",
    "log",
    "metadata",
    "metadata/boltutil",
    "mount",
    "namespaces",
    "oci",
    "platforms",
    "plugin",
    "reference",
    "remotes",
    "remotes/docker",
    "remotes/docker/schema1",
    "rootfs",
    "snapshots",
    "snapshots/native",
    "snapshots/overlay",
    "snapshots/storage",
    "sys",
  ]
  pruneopts = "NUT"
  revision = "3bc4ba271e1c1ab580467748751b30aa7eb9b0c7"

[[projects]]
  digest = "1:425146e192a9f76d5404f278247a5de107096ea3be397435741f642d6297549e"
  name = "github.com/containerd/continuity"
  packages = [
    ".",
    "devices",
    "driver",
    "fs",
    "pathdriver",
    "proto",
    "syscallx",
    "sysx",
  ]
  pruneopts = "NUT"
  revision = "f44b615e492bdfb371aae2f76ec694d9da1db537"

[[projects]]
  branch = "master"
  digest = "1:4455e7f226d40cb6e52bb570cc246e667cdfc6370ec2e8c3b6d5b8993ad38eeb"
  name = "github.com/containerd/go-runc"
  packages = ["."]
  pruneopts = "NUT"
  revision = "5a6d9f37cfa36b15efba46dc7ea349fa9b7143c3"

[[projects]]
  branch = "master"
  digest = "1:e0e54b26bdc49d5471260485d6e41819b55c63f18d5686372d8bbab2c7c43c95"
  name = "github.com/containerd/typeurl"
  packages = ["."]
  pruneopts = "NUT"
  revision = "a93fcdb778cd272c6e9b3028b2f42d813e785d40"

[[projects]]
  digest = "1:8449bb0c1da0fd7ec4706afb5ae46ad0ad658fd87f17a7eb067c5a307ffe3818"
  name = "github.com/cyphar/filepath-securejoin"
  packages = ["."]
  pruneopts = "NUT"
  revision = "a261ee33d7a517f054effbf451841abaafe3e0fd"
  version = "v0.2.2"

[[projects]]
  branch = "master"
  digest = "1:902917bc9b18df1c4d17c0bf076f31573ba051b6fb2211dd24c001dbce2fdd69"
  name = "github.com/docker/cli"
  packages = [
    "cli/config",
    "cli/config/configfile",
    "cli/config/credentials",
    "opts",
  ]
  pruneopts = "NUT"
  revision = "54c19e67f69ce1d20ec46d090654326079287a0f"

[[projects]]
  branch = "master"
  digest = "1:1aed2b27277a9c4a2b3b40abf3e0484704a35482f24a804e7791c5172dcbf323"
  name = "github.com/docker/distribution"
  packages = [
    ".",
    "digestset",
    "manifest",
    "manifest/manifestlist",
    "manifest/schema1",
    "manifest/schema2",
    "metrics",
    "reference",
    "registry/api/errcode",
    "registry/api/v2",
    "registry/client",
    "registry/client/auth",
    "registry/client/auth/challenge",
    "registry/client/transport",
    "registry/storage/cache",
    "registry/storage/cache/memory",
  ]
  pruneopts = "NUT"
  revision = "16128bbac47f75050e82f7e91b04df33775e0c23"

[[projects]]
  branch = "master"
  digest = "1:0b96d4380d1ff63fc8888c096a8d69c06cdd83d331283f0752e785d1b898db6b"
  name = "github.com/docker/docker"
  packages = [
    "api/types",
    "api/types/blkiodev",
    "api/types/container",
    "api/types/filters",
    "api/types/mount",
    "api/types/network",
    "api/types/registry",
    "api/types/strslice",
    "api/types/swarm",
    "api/types/swarm/runtime",
    "api/types/versions",
    "builder/dockerignore",
    "errdefs",
    "pkg/archive",
    "pkg/fileutils",
    "pkg/homedir",
    "pkg/idtools",
    "pkg/ioutils",
    "pkg/jsonmessage",
    "pkg/locker",
    "pkg/longpath",
    "pkg/mount",
    "pkg/pools",
    "pkg/signal",
    "pkg/stringid",
    "pkg/system",
    "pkg/tarsum",
    "pkg/term",
    "pkg/term/windows",
    "registry",
    "registry/resumable",
  ]
  pruneopts = "NUT"
  revision = "a9c061deec0f8d452e4feb7258046d5e32a1143b"
  source = "github.com/moby/moby"

[[projects]]
  digest = "1:8866486038791fe65ea1abf660041423954b1f3fb99ea6a0ad8424422e943458"
  name = "github.com/docker/docker-credential-helpers"
  packages = [
    "client",
    "credentials",
  ]
  pruneopts = "NUT"
  revision = "5241b46610f2491efdf9d1c85f1ddf5b02f6d962"
  version = "v0.6.1"

[[projects]]
  digest = "1:2a47f7eb1a2c30428d1ee6808cb66d4deb17e68a3e55d696f03c8068552ba5e8"
  name = "github.com/docker/go-connections"
  packages = [
    "nat",
    "sockets",
    "tlsconfig",
  ]
  pruneopts = "NUT"
  revision = "7395e3f8aa162843a74ed6d48e79627d9792ac55"
  version = "v0.4.0"

[[projects]]
  branch = "master"
  digest = "1:3c7e22fc463067fcb27473d9010b9ac8c49b791357e0c7e7da6002a291129162"
  name = "github.com/docker/go-events"
  packages = ["."]
  pruneopts = "NUT"
  revision = "9461782956ad83b30282bf90e31fa6a70c255ba9"

[[projects]]
  branch = "master"
  digest = "1:8e5e04894d9d663ac464d6e73803d602f85fe679ec5a54de35378b5d073efd64"
  name = "github.com/docker/go-metrics"
  packages = ["."]
  pruneopts = "NUT"
  revision = "399ea8c73916000c64c2c76e8da00ca82f8387ab"

[[projects]]
  digest = "1:4340101f42556a9cb2f7a360a0e95a019bfef6247d92e6c4c46f2433cf86a482"
  name = "github.com/docker/go-units"
  packages = ["."]
  pruneopts = "NUT"
  revision = "47565b4f722fb6ceae66b95f853feed578a4a51c"
  version = "v0.3.3"

[[projects]]
  digest = "1:a9fe060ae875a66e632a5bb8a5dac9d6d32311995a4d455a4e9bc9142ab8ac72"
  name = "github.com/docker/libnetwork"
  packages = [
    "resolvconf",
    "resolvconf/dns",
    "types",
  ]
  pruneopts = "NUT"
  revision = "822e5b59d346b7ad0735df2c8e445e9787320e67"

[[projects]]
  branch = "master"
  digest = "1:ce43438a8204a4259b4461153a392bc3e504bef7e4785a8192344f002c7bd935"
  name = "github.com/docker/libtrust"
  packages = ["."]
  pruneopts = "NUT"
  revision = "aabc10ec26b754e797f9028f4589c5b7bd90dc20"

[[projects]]
  branch = "master"
  digest = "1:bd228d1a02fffcaf3abca973886870113d843ea7a67d5b6f70a5169950499ea9"
  name = "github.com/genuinetools/pkg"
  packages = ["cli"]
  pruneopts = "NUT"
  revision = "1c141f661797b5fb22033c9a7a5ab004994a0404"

[[projects]]
  branch = "master"
  digest = "1:ed4b7e81b9c79e51804beb42673626984cc4135790ee723a9e995cfff31fa2bc"
  name = "github.com/genuinetools/reg"
  packages = ["registry"]
  pruneopts = "NUT"
  revision = "d021aeb0b9786eac1212b5faaa70d11f56c60991"

[[projects]]
  digest = "1:dfd1bfac4ef78bce8efe6c52548baaaba18f634c0101581f4773336c653289c2"
  name = "github.com/gogo/googleapis"
  packages = ["google/rpc"]
  pruneopts = "NUT"
  revision = "8558fb44d2f1fc223118afc694129d2c2d2924d1"
  version = "v1.1.0"

[[projects]]
  digest = "1:983cb7d70588854e2706e32c61698bbf0eab4956fca89e86c1c10d7213679a0e"
  name = "github.com/gogo/protobuf"
  packages = [
    "gogoproto",
    "proto",
    "protoc-gen-gogo/descriptor",
    "sortkeys",
    "types",
  ]
  pruneopts = "NUT"
  revision = "636bf0302bc95575d69441b25a2603156ffdddf1"
  version = "v1.1.1"

[[projects]]
  digest = "1:63ccdfbd20f7ccd2399d0647a7d100b122f79c13bb83da9660b1598396fd9f62"
  name = "github.com/golang/protobuf"
  packages = [
    "proto",
    "ptypes",
    "ptypes/any",
    "ptypes/duration",
    "ptypes/timestamp",
  ]
  pruneopts = "NUT"
  revision = "aa810b61a9c79d51363740d207bb46cf8e620ed5"
  version = "v1.2.0"

[[projects]]
  branch = "master"
  digest = "1:b761585c2e408cae852f14ab9c9b23d194fafc6b191e0936e9ddd4c5802b65e8"
  name = "github.com/google/shlex"
  packages = ["."]
  pruneopts = "NUT"
  revision = "6f45313302b9c56850fc17f99e40caebce98c716"

[[projects]]
  digest = "1:c01767916c59f084bb7c41a7d5877c0f3099b1595cfa066e84ec6ad6b084dd89"
  name = "github.com/gorilla/context"
  packages = ["."]
  pruneopts = "NUT"
  revision = "08b5f424b9271eedf6f9f0ce86cb9396ed337a42"
  version = "v1.1.1"

[[projects]]
  digest = "1:bf5cf1d53d703332e9bd8984c69784645b73a938317bf5ace9aadf20ac49379a"
  name = "github.com/gorilla/mux"
  packages = ["."]
  pruneopts = "NUT"
  revision = "e3702bed27f0d39777b0b37b664b6280e8ef8fbf"
  version = "v1.6.2"

[[projects]]
  branch = "master"
  digest = "1:7b760aa6dbe426378f54934270dde1b176fda379111da2154748f030fffe4d3f"
  name = "github.com/grpc-ecosystem/grpc-opentracing"
  packages = ["go/otgrpc"]
  pruneopts = "NUT"
  revision = "8e809c8a86450a29b90dcc9efbf062d0fe6d9746"

[[projects]]
  digest = "1:ed7f2cb98f6a2f746d50f854e9edf591c44fea4cca113d09cff269a419407a32"
  name = "github.com/hashicorp/go-immutable-radix"
  packages = ["."]
  pruneopts = "NUT"
  revision = "826af9ccf0feeee615d546d69b11f8e98da8c8f1"
  source = "github.com/tonistiigi/go-immutable-radix"

[[projects]]
  digest = "1:67474f760e9ac3799f740db2c489e6423a4cde45520673ec123ac831ad849cb8"
  name = "github.com/hashicorp/golang-lru"
  packages = ["simplelru"]
  pruneopts = "NUT"
  revision = "20f1fb78b0740ba8c3cb143a61e86ba5c8669768"
  version = "v0.5.0"

[[projects]]
  digest = "1:5985ef4caf91ece5d54817c11ea25f182697534f8ae6521eadcd628c142ac4b6"
  name = "github.com/matttproud/golang_protobuf_extensions"
  packages = ["pbutil"]
  pruneopts = "NUT"
  revision = "c12348ce28de40eed0136aa2b644d0ee0650e56c"
  version = "v1.0.1"

[[projects]]
  digest = "1:e34decedbcec12332c5836d16a6838f864e0b43c5b4f9aa9d9a85101015f87c2"
  name = "github.com/mitchellh/hashstructure"
  packages = ["."]
  pruneopts = "NUT"
  revision = "a38c50148365edc8df43c1580c48fb2b3a1e9cd7"
  version = "v1.0.0"

[[projects]]
  branch = "master"
  digest = "1:667186caa846fc5ef603984251ad46881cdf7be27b9098b867bf93eb0c9ebcf1"
  name = "github.com/moby/buildkit"
  packages = [
    "api/services/control",
    "api/types",
    "cache",
    "cache/blobs",
    "cache/contenthash",
    "cache/metadata",
    "cache/remotecache",
    "cache/remotecache/v1",
    "client",
    "client/buildid",
    "client/llb",
    "client/llb/imagemetaresolver",
    "control",
    "control/gateway",
    "executor",
    "executor/oci",
    "executor/runcexecutor",
    "exporter",
    "exporter/containerimage",
    "exporter/containerimage/exptypes",
    "exporter/local",
    "exporter/oci",
    "frontend",
    "frontend/dockerfile/builder",
    "frontend/dockerfile/command",
    "frontend/dockerfile/dockerfile2llb",
    "frontend/dockerfile/instructions",
    "frontend/dockerfile/parser",
    "frontend/dockerfile/shell",
    "frontend/gateway",
    "frontend/gateway/client",
    "frontend/gateway/forwarder",
    "frontend/gateway/grpcclient",
    "frontend/gateway/pb",
    "identity",
    "session",
    "session/auth",
    "session/auth/authprovider",
    "session/filesync",
    "session/grpchijack",
    "session/secrets",
    "session/sshforward",
    "session/testutil",
    "snapshot",
    "snapshot/blobmapping",
    "snapshot/containerd",
    "snapshot/imagerefchecker",
    "solver",
    "solver/bboltcachestorage",
    "solver/internal/pipe",
    "solver/llbsolver",
    "solver/llbsolver/ops",
    "solver/pb",
    "source",
    "source/containerimage",
    "source/git",
    "source/http",
    "source/local",
    "util/apicaps",
    "util/apicaps/pb",
    "util/appcontext",
    "util/appdefaults",
    "util/cond",
    "util/contentutil",
    "util/dockerexporter",
    "util/entitlements",
    "util/flightcontrol",
    "util/imageutil",
    "util/network",
    "util/progress",
    "util/progress/logs",
    "util/progress/progressui",
    "util/pull",
    "util/push",
    "util/resolver",
    "util/rootless/specconv",
    "util/system",
    "util/throttle",
    "util/tracing",
    "util/winlayers",
    "worker",
    "worker/base",
  ]
  pruneopts = "NUT"
  revision = "a927eaf23a2ecd62dd252fcfe32c49dd0322ac23"

[[projects]]
  branch = "master"
  digest = "1:946bf1e858c4884cc82907463b0579dfd3b84e1b541bd49808d2bcfcb9452be0"
  name = "github.com/morikuni/aec"
  packages = ["."]
  pruneopts = "NUT"
  revision = "39771216ff4c63d11f5e604076f9c45e8be1067b"

[[projects]]
  branch = "master"
  digest = "1:55c0cfaa11248731dfb2070a4a5b81330117a6f3bc288bfedd9feff9946b907a"
  name = "github.com/opencontainers/go-digest"
  packages = ["."]
  pruneopts = "NUT"
  revision = "c9281466c8b2f606084ac71339773efd177436e7"

[[projects]]
  digest = "1:70711188c19c53147099d106169d6a81941ed5c2658651432de564a7d60fd288"
  name = "github.com/opencontainers/image-spec"
  packages = [
    "identity",
    "specs-go",
    "specs-go/v1",
  ]
  pruneopts = "NUT"
  revision = "d60099175f88c47cd379c4738d158884749ed235"
  version = "v1.0.1"

[[projects]]
  branch = "master"
  digest = "1:11f6decfb64725eaa38c120e6f161bca6e22008c8fe153a02fd19b3c7ce752b2"
  name = "github.com/opencontainers/runc"
  packages = [
    "libcontainer/system",
    "libcontainer/user",
  ]
  pruneopts = "NUT"
  revision = "00dc70017d222b178a002ed30e9321b12647af2d"

[[projects]]
  digest = "1:57234a321bf1f8f98a8a9a5122a2404cc60d0800516f4ab7a7b2375e4b2d19ea"
  name = "github.com/opencontainers/runtime-spec"
  packages = ["specs-go"]
  pruneopts = "NUT"
  revision = "4e3b9264a330d094b0386c3703c5f379119711e8"
  version = "v1.0.1"

[[projects]]
  branch = "master"
  digest = "1:264f2848854a41b03a6525ea6c1e858762caa34964a63dde898dc4bba339e50f"
  name = "github.com/opentracing-contrib/go-stdlib"
  packages = ["nethttp"]
  pruneopts = "NUT"
  revision = "07a764486eb10927e8cf38337918a40d430524ee"

[[projects]]
  digest = "1:7da29c22bcc5c2ffb308324377dc00b5084650348c2799e573ed226d8cc9faf0"
  name = "github.com/opentracing/opentracing-go"
  packages = [
    ".",
    "ext",
    "log",
  ]
  pruneopts = "NUT"
  revision = "1949ddbfd147afd4d964a9f00b24eb291e0e7c38"
  version = "v1.0.2"

[[projects]]
  digest = "1:014d3763649dd2f071fcf4acb03f3a2964c0c6dcf5581f4585fdd0d492235518"
  name = "github.com/peterhellberg/link"
  packages = ["."]
  pruneopts = "NUT"
  revision = "d1cebc7ea14a5fc0de7cb4a45acae773161642c6"
  version = "v1.0.0"

[[projects]]
  digest = "1:5cf3f025cbee5951a4ee961de067c8a89fc95a5adabead774f82822efabab121"
  name = "github.com/pkg/errors"
  packages = ["."]
  pruneopts = "NUT"
  revision = "645ef00459ed84a119197bfb8d8205042c6df63d"
  version = "v0.8.0"

[[projects]]
  branch = "master"
  digest = "1:3b374d4b78e68dbab0cc07ce56e75d8b267ce1ac1de6c7b610191789abd3fee1"
  name = "github.com/prometheus/client_golang"
  packages = [
    "prometheus",
    "prometheus/internal",
    "prometheus/promhttp",
  ]
  pruneopts = "NUT"
  revision = "f69c853d21c15596929fa9126ba211247e7dca95"

[[projects]]
  branch = "master"
  digest = "1:2d5cd61daa5565187e1d96bae64dbbc6080dacf741448e9629c64fd93203b0d4"
  name = "github.com/prometheus/client_model"
  packages = ["go"]
  pruneopts = "NUT"
  revision = "5c3871d89910bfb32f5fcab2aa4b9ec68e65a99f"

[[projects]]
  branch = "master"
  digest = "1:fad5a35eea6a1a33d6c8f949fbc146f24275ca809ece854248187683f52cc30b"
  name = "github.com/prometheus/common"
  packages = [
    "expfmt",
    "internal/bitbucket.org/ww/goautoneg",
    "model",
  ]
  pruneopts = "NUT"
  revision = "c7de2306084e37d54b8be01f3541a8464345e9a5"

[[projects]]
  branch = "master"
  digest = "1:26a2f5e891cc4d2321f18a0caa84c8e788663c17bed6a487f3cbe2c4295292d0"
  name = "github.com/prometheus/procfs"
  packages = [
    ".",
    "internal/util",
    "nfs",
    "xfs",
  ]
  pruneopts = "NUT"
  revision = "418d78d0b9a7b7de3a6bbc8a23def624cc977bb2"

[[projects]]
  digest = "1:b2339e83ce9b5c4f79405f949429a7f68a9a904fed903c672aac1e7ceb7f5f02"
  name = "github.com/sirupsen/logrus"
  packages = ["."]
  pruneopts = "NUT"
  revision = "3e01752db0189b9157070a0e1668a620f9a85da2"
  version = "v1.0.6"

[[projects]]
  branch = "master"
  digest = "1:e14e467ed00ab98665623c5060fa17e3d7079be560ffc33cabafd05d35894f05"
  name = "github.com/syndtr/gocapability"
  packages = ["capability"]
  pruneopts = "NUT"
  revision = "d98352740cb2c55f81556b63d4a1ec64c5a319c2"

[[projects]]
  branch = "master"
  digest = "1:f9a0081568846456e8beb08fb073a0bfdbc04d2dedbc38b7cc9add2280368465"
  name = "github.com/tonistiigi/fsutil"
  packages = ["."]
  pruneopts = "NUT"
  revision = "70b709f90a17dd62f41f8b1c14c1240a3ae22fee"

[[projects]]
  branch = "master"
  digest = "1:763762a9a2bdf23e7367de85122859b150530111aa34fc75ce959b125a4b36a9"
  name = "github.com/tonistiigi/units"
  packages = ["."]
  pruneopts = "NUT"
  revision = "6950e57a87eaf136bbe44ef2ec8e75b9e3569de2"

[[projects]]
  branch = "master"
  digest = "1:e907c2cf2df370592f4e3a5b8c2bcdf6e16709cace789d53ea7d22720e8b79c2"
  name = "go.etcd.io/bbolt"
  packages = ["."]
  pruneopts = "NUT"
  revision = "7ee3ded59d4835e10f3e7d0f7603c42aa5e83820"

[[projects]]
  branch = "master"
  digest = "1:3f3a05ae0b95893d90b9b3b5afdb79a9b3d96e4e36e099d841ae602e4aca0da8"
  name = "golang.org/x/crypto"
  packages = ["ssh/terminal"]
  pruneopts = "NUT"
  revision = "0e37d006457bf46f9e6692014ba72ef82c33022c"

[[projects]]
  branch = "master"
  digest = "1:8f96a3abd7277a1f433c5b7036c00f21188fd6a36ff1e8c9c1681ab14476e192"
  name = "golang.org/x/net"
  packages = [
    "context",
    "context/ctxhttp",
    "http/httpguts",
    "http2",
    "http2/hpack",
    "idna",
    "internal/socks",
    "internal/timeseries",
    "proxy",
    "trace",
  ]
  pruneopts = "NUT"
  revision = "f04abc6bdfa7a0171a8a0c9fd2ada9391044d056"

[[projects]]
  branch = "master"
  digest = "1:39ebcc2b11457b703ae9ee2e8cca0f68df21969c6102cb3b705f76cca0ea0239"
  name = "golang.org/x/sync"
  packages = ["errgroup"]
  pruneopts = "NUT"
  revision = "1d60e4601c6fd243af51cc01ddf169918a5407ca"

[[projects]]
  branch = "master"
  digest = "1:16c7423676f53021ecdec1e73a3c69f50e11c5b4988388940e7cb1634276755d"
  name = "golang.org/x/sys"
  packages = [
    "unix",
    "windows",
  ]
  pruneopts = "NUT"
  revision = "b09afc3d579e346c4a7e4705953acaf6f9e551bd"

[[projects]]
  digest = "1:e7071ed636b5422cc51c0e3a6cebc229d6c9fffc528814b519a980641422d619"
  name = "golang.org/x/text"
  packages = [
    "collate",
    "collate/build",
    "internal/colltab",
    "internal/gen",
    "internal/tag",
    "internal/triegen",
    "internal/ucd",
    "language",
    "secure/bidirule",
    "transform",
    "unicode/bidi",
    "unicode/cldr",
    "unicode/norm",
    "unicode/rangetable",
  ]
  pruneopts = "NUT"
  revision = "f21a4dfb5e38f5895301dc265a8def02365cc3d0"
  version = "v0.3.0"

[[projects]]
  branch = "master"
  digest = "1:c9e7a4b4d47c0ed205d257648b0e5b0440880cb728506e318f8ac7cd36270bc4"
  name = "golang.org/x/time"
  packages = ["rate"]
  pruneopts = "NUT"
  revision = "fbb02b2291d28baffd63558aa44b4b56f178d650"

[[projects]]
  branch = "master"
  digest = "1:56b0bca90b7e5d1facf5fbdacba23e4e0ce069d25381b8e2f70ef1e7ebfb9c1a"
  name = "google.golang.org/genproto"
  packages = ["googleapis/rpc/status"]
  pruneopts = "NUT"
  revision = "221a8d4f74948678f06caaa13c9d41d22e069ae8"

[[projects]]
  digest = "1:fae299a942ba4907d7b7865fa5e51e892524a217468d10edbfd6ca7b3bb94111"
  name = "google.golang.org/grpc"
  packages = [
    ".",
    "balancer",
    "balancer/base",
    "balancer/roundrobin",
    "codes",
    "connectivity",
    "credentials",
    "encoding",
    "encoding/proto",
    "grpclog",
    "health",
    "health/grpc_health_v1",
    "internal",
    "internal/backoff",
    "internal/channelz",
    "internal/envconfig",
    "internal/grpcrand",
    "internal/transport",
    "keepalive",
    "metadata",
    "naming",
    "peer",
    "resolver",
    "resolver/dns",
    "resolver/passthrough",
    "stats",
    "status",
    "tap",
  ]
  pruneopts = "NUT"
  revision = "8dea3dc473e90c8179e519d91302d0597c0ca1d1"
  version = "v1.15.0"

[solve-meta]
  analyzer-name = "dep"
  analyzer-version = 1
  input-imports = [
    "github.com/containerd/console",
    "github.com/containerd/containerd/content",
    "github.com/containerd/containerd/content/local",
    "github.com/containerd/containerd/diff/apply",
    "github.com/containerd/containerd/diff/walking",
    "github.com/containerd/containerd/errdefs",
    "github.com/containerd/containerd/images",
    "github.com/containerd/containerd/images/oci",
    "github.com/containerd/containerd/metadata",
    "github.com/containerd/containerd/namespaces",
    "github.com/containerd/containerd/platforms",
    "github.com/containerd/containerd/snapshots",
    "github.com/containerd/containerd/snapshots/native",
    "github.com/containerd/containerd/snapshots/overlay",
    "github.com/containerd/go-runc",
    "github.com/cyphar/filepath-securejoin",
    "github.com/docker/cli/cli/config",
    "github.com/docker/cli/cli/config/configfile",
    "github.com/docker/distribution/reference",
    "github.com/docker/docker/api/types",
    "github.com/docker/docker/pkg/archive",
    "github.com/docker/docker/pkg/term",
    "github.com/docker/docker/registry",
    "github.com/docker/go-units",
    "github.com/genuinetools/pkg/cli",
    "github.com/genuinetools/reg/registry",
    "github.com/moby/buildkit/api/services/control",
    "github.com/moby/buildkit/cache",
    "github.com/moby/buildkit/cache/metadata",
    "github.com/moby/buildkit/client",
    "github.com/moby/buildkit/control",
    "github.com/moby/buildkit/executor",
    "github.com/moby/buildkit/executor/runcexecutor",
    "github.com/moby/buildkit/exporter",
    "github.com/moby/buildkit/exporter/containerimage",
    "github.com/moby/buildkit/frontend",
    "github.com/moby/buildkit/frontend/dockerfile/builder",
    "github.com/moby/buildkit/frontend/gateway",
    "github.com/moby/buildkit/frontend/gateway/forwarder",
    "github.com/moby/buildkit/identity",
    "github.com/moby/buildkit/session",
    "github.com/moby/buildkit/session/auth/authprovider",
    "github.com/moby/buildkit/session/filesync",
    "github.com/moby/buildkit/session/testutil",
    "github.com/moby/buildkit/snapshot/containerd",
    "github.com/moby/buildkit/solver/bboltcachestorage",
    "github.com/moby/buildkit/source",
    "github.com/moby/buildkit/source/containerimage",
    "github.com/moby/buildkit/util/appcontext",
    "github.com/moby/buildkit/util/dockerexporter",
    "github.com/moby/buildkit/util/network",
    "github.com/moby/buildkit/util/progress/progressui",
    "github.com/moby/buildkit/util/push",
    "github.com/moby/buildkit/util/resolver",
    "github.com/moby/buildkit/util/throttle",
    "github.com/moby/buildkit/worker",
    "github.com/moby/buildkit/worker/base",
    "github.com/opencontainers/image-spec/specs-go/v1",
    "github.com/opencontainers/runc/libcontainer/system",
    "github.com/pkg/errors",
    "github.com/sirupsen/logrus",
    "go.etcd.io/bbolt",
    "golang.org/x/sync/errgroup",
    "google.golang.org/grpc",
  ]
  solver-name = "gps-cdcl"
  solver-version = 1
